{
  "nodes": {
    "nixpkgs": {
      "locked": {
        "lastModified": 1669629736,
        "narHash": "sha256-Y1uUnBtVxwTNo1xDLBrRaaWNfOsiRKrwql/vPjuKyUI=",
        "owner": "NixOS",
        "repo": "nixpkgs",
        "rev": "b0f8c96b9ef5998f3985c34c90cfd21f1ba8a1ce",
        "type": "github"
      },
      "original": {
        "owner": "NixOS",
        "ref": "nixpkgs-unstable",
        "repo": "nixpkgs",
        "type": "github"
      }
    },
    "root": {
      "inputs": {
        "nixpkgs": "nixpkgs",
        "utils": "utils"
      }
    },
    "utils": {
      "locked": {
        "lastModified": 1667395993,
        "narHash": "sha256-nuEHfE/LcWyuSWnS8t12N1wc105Qtau+/OdUAjtQ0rA=",
        "owner": "numtide",
        "repo": "flake-utils",
        "rev": "5aed5285a952e0b949eb3ba02c12fa4fcfef535f",
        "type": "github"
      },
      "original": {
        "owner": "numtide",
        "repo": "flake-utils",
        "type": "github"
      }
    }
  },
  "root": "root",
  "version": 7
}
